<?xml version="1.0" encoding="utf-8"?>
<Project ToolsVersion="4.0" xmlns="http://schemas.microsoft.com/developer/msbuild/2003">
  <ItemGroup>
    <Filter Include="Cozmos">
      <UniqueIdentifier>{800B46AC-6CAD-7082-5568-84D641A9F7D2}</UniqueIdentifier>
    </Filter>
  </ItemGroup>
  <ItemGroup>
    <ClInclude Include="Source\Cozmos.h" />
    <ClInclude Include="Source\Cozmos\Application.h">
      <Filter>Cozmos</Filter>
    </ClInclude>
    <ClInclude Include="Source\Cozmos\Core.h">
      <Filter>Cozmos</Filter>
    </ClInclude>
    <ClInclude Include="Source\Cozmos\EntryPoint.h">
      <Filter>Cozmos</Filter>
    </ClInclude>
    <ClInclude Include="Source\Cozmos\Log.h">
      <Filter>Cozmos</Filter>
    </ClInclude>
    <ClInclude Include="Source\Cozmos\Events\Event.h" />
    <ClInclude Include="Source\Cozmos\Events\ApplicationEvent.h" />
    <ClInclude Include="Source\Cozmos\Events\KeyEvent.h" />
    <ClInclude Include="Source\Cozmos\Events\MouseEvent.h" />
  </ItemGroup>
  <ItemGroup>
    <ClCompile Include="Source\Cozmos\Application.cpp">
      <Filter>Cozmos</Filter>
    </ClCompile>
    <ClCompile Include="Source\Cozmos\Log.cpp">
      <Filter>Cozmos</Filter>
    </ClCompile>
  </ItemGroup>
</Project>